
Microsoft Visual Studio Solution File, Format Version 12.00
# Visual Studio Version 17
VisualStudioVersion = 17.1.32210.238
MinimumVisualStudioVersion = 10.0.40219.1
Project("{FAE04EC0-301F-11D3-BF4B-00C04F79EFBC}") = "immid", "immid\immid.csproj", "{E566206F-33AB-4B6D-9649-3919E8353181}"
EndProject
Global
	GlobalSection(SolutionConfigurationPlatforms) = preSolution
		Debug|Any CPU = Debug|Any CPU
		Release|Any CPU = Release|Any CPU
	EndGlobalSection
	GlobalSection(ProjectConfigurationPlatforms) = postSolution
		{E566206F-33AB-4B6D-9649-3919E8353181}.Debug|Any CPU.ActiveCfg = Debug|Any CPU
		{E566206F-33AB-4B6D-9649-3919E8353181}.Debug|Any CPU.Build.0 = Debug|Any CPU
		{E566206F-33AB-4B6D-9649-3919E8353181}.Release|Any CPU.ActiveCfg = Release|Any CPU
		{E566206F-33AB-4B6D-9649-3919E8353181}.Release|Any CPU.Build.0 = Release|Any CPU
	EndGlobalSection
	GlobalSection(SolutionProperties) = preSolution
		HideSolutionNode = FALSE
	EndGlobalSection
	GlobalSection(ExtensibilityGlobals) = postSolution
		SolutionGuid = {C68C1A42-ECD2-48E2-B40B-00DDB1BC7B96}
	EndGlobalSection
EndGlobal
